// !$*UTF8*$!
{
	archiveVersion = 1;
	classes = {
	};
	objectVersion = 46;
	objects = {

/* Begin PBXBuildFile section */
		6952FC071E69169E003CEDF8 /* AppDelegate.swift in Sources */ = {isa = PBXBuildFile; fileRef = 6952FC061E69169E003CEDF8 /* AppDelegate.swift */; };
		6952FC091E69169E003CEDF8 /* ViewController.swift in Sources */ = {isa = PBXBuildFile; fileRef = 6952FC081E69169E003CEDF8 /* ViewController.swift */; };
		6952FC0C1E69169E003CEDF8 /* Main.storyboard in Resources */ = {isa = PBXBuildFile; fileRef = 6952FC0A1E69169E003CEDF8 /* Main.storyboard */; };
		6952FC0E1E69169E003CEDF8 /* Assets.xcassets in Resources */ = {isa = PBXBuildFile; fileRef = 6952FC0D1E69169E003CEDF8 /* Assets.xcassets */; };
		6952FC111E69169E003CEDF8 /* LaunchScreen.storyboard in Resources */ = {isa = PBXBuildFile; fileRef = 6952FC0F1E69169E003CEDF8 /* LaunchScreen.storyboard */; };
/* End PBXBuildFile section */

/* Begin PBXFileReference section */
		6952FC031E69169E003CEDF8 /* SweetsMockOne.app */ = {isa = PBXFileReference; explicitFileType = wrapper.application; includeInIndex = 0; path = SweetsMockOne.app; sourceTree = BUILT_PRODUCTS_DIR; };
		6952FC061E69169E003CEDF8 /* AppDelegate.swift */ = {isa = PBXFileReference; lastKnownFileType = sourcecode.swift; path = AppDelegate.swift; sourceTree = "<group>"; };
		6952FC081E69169E003CEDF8 /* ViewController.swift */ = {isa = PBXFileReference; lastKnownFileType = sourcecode.swift; path = ViewController.swift; sourceTree = "<group>"; };
		6952FC0B1E69169E003CEDF8 /* Base */ = {isa = PBXFileReference; lastKnownFileType = file.storyboard; name = Base; path = Base.lproj/Main.storyboard; sourceTree = "<group>"; };
		6952FC0D1E69169E003CEDF8 /* Assets.xcassets */ = {isa = PBXFileReference; lastKnownFileType = folder.assetcatalog; path = Assets.xcassets; sourceTree = "<group>"; };
		6952FC101E69169E003CEDF8 /* Base */ = {isa = PBXFileReference; lastKnownFileType = file.storyboard; name = Base; path = Base.lproj/LaunchScreen.storyboard; sourceTree = "<group>"; };
		6952FC121E69169E003CEDF8 /* Info.plist */ = {isa = PBXFileReference; lastKnownFileType = text.plist.xml; path = Info.plist; sourceTree = "<group>"; };
/* End PBXFileReference section */

/* Begin PBXFrameworksBuildPhase section */
		6952FC001E69169E003CEDF8 /* Frameworks */ = {
			isa = PBXFrameworksBuildPhase;
			buildActionMask = 2147483647;
			files = (
			);
			runOnlyForDeploymentPostprocessing = 0;
		};
/* End PBXFrameworksBuildPhase section */

/* Begin PBXGroup section */
		6952FBFA1E69169E003CEDF8 = {
			isa = PBXGroup;
			children = (
				6952FC051E69169E003CEDF8 /* SweetsMockOne */,
				6952FC041E69169E003CEDF8 /* Products */,
			);
			sourceTree = "<group>";
		};
		6952FC041E69169E003CEDF8 /* Products */ = {
			isa = PBXGroup;
			children = (
				6952FC031E69169E003CEDF8 /* SweetsMockOne.app */,
			);
			name = Products;
			sourceTree = "<group>";
		};
		6952FC051E69169E003CEDF8 /* SweetsMockOne */ = {
			isa = PBXGroup;
			children = (
				6952FC061E69169E003CEDF8 /* AppDelegate.swift */,
				6952FC081E69169E003CEDF8 /* ViewController.swift */,
				6952FC0A1E69169E003CEDF8 /* Main.storyboard */,
				6952FC0D1E69169E003CEDF8 /* Assets.xcassets */,
				6952FC0F1E69169E003CEDF8 /* LaunchScreen.storyboard */,
				6952FC121E69169E003CEDF8 /* Info.plist */,
			);
			path = SweetsMockOne;
			sourceTree = "<group>";
		};
/* End PBXGroup section */

/* Begin PBXNativeTarget section */
		6952FC021E69169E003CEDF8 /* SweetsMockOne */ = {
			isa = PBXNativeTarget;
			buildConfigurationList = 6952FC151E69169E003CEDF8 /* Build configuration list for PBXNativeTarget "SweetsMockOne" */;
			buildPhases = (
				6952FBFF1E69169E003CEDF8 /* Sources */,
				6952FC001E69169E003CEDF8 /* Frameworks */,
				6952FC011E69169E003CEDF8 /* Resources */,
			);
			buildRules = (
			);
			dependencies = (
			);
			name = SweetsMockOne;
			productName = SweetsMockOne;
			productReference = 6952FC031E69169E003CEDF8 /* SweetsMockOne.app */;
			productType = "com.apple.product-type.application";
		};
/* End PBXNativeTarget section */

/* Begin PBXProject section */
		6952FBFB1E69169E003CEDF8 /* Project object */ = {
			isa = PBXProject;
			attributes = {
				LastSwiftUpdateCheck = 0820;
				LastUpgradeCheck = 0820;
				ORGANIZATIONNAME = TenTwelve;
				TargetAttributes = {
					6952FC021E69169E003CEDF8 = {
						CreatedOnToolsVersion = 8.2.1;
						DevelopmentTeam = BW6EJ7R3J3;
						ProvisioningStyle = Automatic;
					};
				};
			};
			buildConfigurationList = 6952FBFE1E69169E003CEDF8 /* Build configuration list for PBXProject "SweetsMockOne" */;
			compatibilityVersion = "Xcode 3.2";
			developmentRegion = English;
			hasScannedForEncodings = 0;
			knownRegions = (
				en,
				Base,
			);
			mainGroup = 6952FBFA1E69169E003CEDF8;
			productRefGroup = 6952FC041E69169E003CEDF8 /* Products */;
			projectDirPath = "";
			projectRoot = "";
			targets = (
				6952FC021E69169E003CEDF8 /* SweetsMockOne */,
			);
		};
/* End PBXProject section */

/* Begin PBXResourcesBuildPhase section */
		6952FC011E69169E003CEDF8 /* Resources */ = {
			isa = PBXResourcesBuildPhase;
			buildActionMask = 2147483647;
			files = (
				6952FC111E69169E003CEDF8 /* LaunchScreen.storyboard in Resources */,
				6952FC0E1E69169E003CEDF8 /* Assets.xcassets in Resources */,
				6952FC0C1E69169E003CEDF8 /* Main.storyboard in Resources */,
			);
			runOnlyForDeploymentPostprocessing = 0;
		};
/* End PBXResourcesBuildPhase section */

/* Begin PBXSourcesBuildPhase section */
		6952FBFF1E69169E003CEDF8 /* Sources */ = {
			isa = PBXSourcesBuildPhase;
			buildActionMask = 2147483647;
			files = (
				6952FC091E69169E003CEDF8 /* ViewController.swift in Sources */,
				6952FC071E69169E003CEDF8 /* AppDelegate.swift in Sources */,
			);
			runOnlyForDeploymentPostprocessing = 0;
		};
/* End PBXSourcesBuildPhase section */

/* Begin PBXVariantGroup section */
		6952FC0A1E69169E003CEDF8 /* Main.storyboard */ = {
			isa = PBXVariantGroup;
			children = (
				6952FC0B1E69169E003CEDF8 /* Base */,
			);
			name = Main.storyboard;
			sourceTree = "<group>";
		};
		6952FC0F1E69169E003CEDF8 /* LaunchScreen.storyboard */ = {
			isa = PBXVariantGroup;
			children = (
				6952FC101E69169E003CEDF8 /* Base */,
			);
			name = LaunchScreen.storyboard;
			sourceTree = "<group>";
		};
/* End PBXVariantGroup section */

/* Begin XCBuildConfiguration section */
		6952FC131E69169E003CEDF8 /* Debug */ = {
			isa = XCBuildConfiguration;
			buildSettings = {
				ALWAYS_SEARCH_USER_PATHS = NO;
				CLANG_ANALYZER_NONNULL = YES;
				CLANG_CXX_LANGUAGE_STANDARD = "gnu++0x";
				CLANG_CXX_LIBRARY = "libc++";
				CLANG_ENABLE_MODULES = YES;
				CLANG_ENABLE_OBJC_ARC = YES;
				CLANG_WARN_BOOL_CONVERSION = YES;
				CLANG_WARN_CONSTANT_CONVERSION = YES;
				CLANG_WARN_DIRECT_OBJC_ISA_USAGE = YES_ERROR;
				CLANG_WARN_DOCUMENTATION_COMMENTS = YES;
				CLANG_WARN_EMPTY_BODY = YES;
				CLANG_WARN_ENUM_CONVERSION = YES;
				CLANG_WARN_INFINITE_RECURSION = YES;
				CLANG_WARN_INT_CONVERSION = YES;
				CLANG_WARN_OBJC_ROOT_CLASS = YES_ERROR;
				CLANG_WARN_SUSPICIOUS_MOVE = YES;
				CLANG_WARN_UNREACHABLE_CODE = YES;
				CLANG_WARN__DUPLICATE_METHOD_MATCH = YES;
				"CODE_SIGN_IDENTITY[sdk=iphoneos*]" = "iPhone Developer";
				COPY_PHASE_STRIP = NO;
				DEBUG_INFORMATION_FORMAT = dwarf;
				ENABLE_STRICT_OBJC_MSGSEND = YES;
				ENABLE_TESTABILITY = YES;
				GCC_C_LANGUAGE_STANDARD = gnu99;
				GCC_DYNAMIC_NO_PIC = NO;
				GCC_NO_COMMON_BLOCKS = YES;
				GCC_OPTIMIZATION_LEVEL = 0;
				GCC_PREPROCESSOR_DEFINITIONS = (
					"DEBUG=1",
					"$(inherited)",
				);
				GCC_WARN_64_TO_32_BIT_CONVERSION = YES;
				GCC_WARN_ABOUT_RETURN_TYPE = YES_ERROR;
				GCC_WARN_UNDECLARED_SELECTOR = YES;
				GCC_WARN_UNINITIALIZED_AUTOS = YES_AGGRESSIVE;
				GCC_WARN_UNUSED_FUNCTION = YES;
				GCC_WARN_UNUSED_VARIABLE = YES;
				IPHONEOS_DEPLOYMENT_TARGET = 10.2;
				MTL_ENABLE_DEBUG_INFO = YES;
				ONLY_ACTIVE_ARCH = YES;
				SDKROOT = iphoneos;
				SWIFT_ACTIVE_COMPILATION_CONDITIONS = DEBUG;
				SWIFT_OPTIMIZATION_LEVEL = "-Onone";
				TARGETED_DEVICE_FAMILY = "1,2";
			};
			name = Debug;
		};
		6952FC141E69169E003CEDF8 /* Release */ = {
			isa = XCBuildConfiguration;
			buildSettings = {
				ALWAYS_SEARCH_USER_PATHS = NO;
				CLANG_ANALYZER_NONNULL = YES;
				CLANG_CXX_LANGUAGE_STANDARD = "gnu++0x";
				CLANG_CXX_LIBRARY = "libc++";
				CLANG_ENABLE_MODULES = YES;
				CLANG_ENABLE_OBJC_ARC = YES;
				CLANG_WARN_BOOL_CONVERSION = YES;
				CLANG_WARN_CONSTANT_CONVERSION = YES;
				CLANG_WARN_DIRECT_OBJC_ISA_USAGE = YES_ERROR;
				CLANG_WARN_DOCUMENTATION_COMMENTS = YES;
				CLANG_WARN_EMPTY_BODY = YES;
				CLANG_WARN_ENUM_CONVERSION = YES;
				CLANG_WARN_INFINITE_RECURSION = YES;
				CLANG_WARN_INT_CONVERSION = YES;
				CLANG_WARN_OBJC_ROOT_CLASS = YES_ERROR;
				CLANG_WARN_SUSPICIOUS_MOVE = YES;
				CLANG_WARN_UNREACHABLE_CODE = YES;
				CLANG_WARN__DUPLICATE_METHOD_MATCH = YES;
				"CODE_SIGN_IDENTITY[sdk=iphoneos*]" = "iPhone Developer";
				COPY_PHASE_STRIP = NO;
				DEBUG_INFORMATION_FORMAT = "dwarf-with-dsym";
				ENABLE_NS_ASSERTIONS = NO;
				ENABLE_STRICT_OBJC_MSGSEND = YES;
				GCC_C_LANGUAGE_STANDARD = gnu99;
				GCC_NO_COMMON_BLOCKS = YES;
				GCC_WARN_64_TO_32_BIT_CONVERSION = YES;
				GCC_WARN_ABOUT_RETURN_TYPE = YES_ERROR;
				GCC_WARN_UNDECLARED_SELECTOR = YES;
				GCC_WARN_UNINITIALIZED_AUTOS = YES_AGGRESSIVE;
				GCC_WARN_UNUSED_FUNCTION = YES;
				GCC_WARN_UNUSED_VARIABLE = YES;
				IPHONEOS_DEPLOYMENT_TARGET = 10.2;
				MTL_ENABLE_DEBUG_INFO = NO;
				SDKROOT = iphoneos;
				SWIFT_OPTIMIZATION_LEVEL = "-Owholemodule";
				TARGETED_DEVICE_FAMILY = "1,2";
				VALIDATE_PRODUCT = YES;
			};
			name = Release;
		};
		6952FC161E69169E003CEDF8 /* Debug */ = {
			isa = XCBuildConfiguration;
			buildSettings = {
				ASSETCATALOG_COMPILER_APPICON_NAME = AppIcon;
				DEVELOPMENT_TEAM = BW6EJ7R3J3;
				INFOPLIST_FILE = SweetsMockOne/Info.plist;
				LD_RUNPATH_SEARCH_PATHS = "$(inherited) @executable_path/Frameworks";
				PRODUCT_BUNDLE_IDENTIFIER = tentwelve.SweetsMockOne;
				PRODUCT_NAME = "$(TARGET_NAME)";
				SWIFT_VERSION = 3.0;
			};
			name = Debug;
		};
		6952FC171E69169E003CEDF8 /* Release */ = {
			isa = XCBuildConfiguration;
			buildSettings = {
				ASSETCATALOG_COMPILER_APPICON_NAME = AppIcon;
				DEVELOPMENT_TEAM = BW6EJ7R3J3;
				INFOPLIST_FILE = SweetsMockOne/Info.plist;
				LD_RUNPATH_SEARCH_PATHS = "$(inherited) @executable_path/Frameworks";
				PRODUCT_BUNDLE_IDENTIFIER = tentwelve.SweetsMockOne;
				PRODUCT_NAME = "$(TARGET_NAME)";
				SWIFT_VERSION = 3.0;
			};
			name = Release;
		};
/* End XCBuildConfiguration section */

/* Begin XCConfigurationList section */
		6952FBFE1E69169E003CEDF8 /* Build configuration list for PBXProject "SweetsMockOne" */ = {
			isa = XCConfigurationList;
			buildConfigurations = (
				6952FC131E69169E003CEDF8 /* Debug */,
				6952FC141E69169E003CEDF8 /* Release */,
			);
			defaultConfigurationIsVisible = 0;
			defaultConfigurationName = Release;
		};
		6952FC151E69169E003CEDF8 /* Build configuration list for PBXNativeTarget "SweetsMockOne" */ = {
			isa = XCConfigurationList;
			buildConfigurations = (
				6952FC161E69169E003CEDF8 /* Debug */,
				6952FC171E69169E003CEDF8 /* Release */,
			);
			defaultConfigurationIsVisible = 0;
		};
/* End XCConfigurationList section */
	};
	rootObject = 6952FBFB1E69169E003CEDF8 /* Project object */;
}
